
Microsoft Visual Studio Solution File, Format Version 12.00
# Visual Studio Version 16
VisualStudioVersion = 16.0.28809.33
MinimumVisualStudioVersion = 10.0.40219.1
Project("{FAE04EC0-301F-11D3-BF4B-00C04F79EFBC}") = "BookService", "BookService\BookService.csproj", "{4347825A-969A-430D-A436-356DFDEACCEC}"
EndProject
Global
	GlobalSection(SolutionConfigurationPlatforms) = preSolution
		Debug|Any CPU = Debug|Any CPU
		Release|Any CPU = Release|Any CPU
	EndGlobalSection
	GlobalSection(ProjectConfigurationPlatforms) = postSolution
		{4347825A-969A-430D-A436-356DFDEACCEC}.Debug|Any CPU.ActiveCfg = Debug|Any CPU
		{4347825A-969A-430D-A436-356DFDEACCEC}.Debug|Any CPU.Build.0 = Debug|Any CPU
		{4347825A-969A-430D-A436-356DFDEACCEC}.Release|Any CPU.ActiveCfg = Release|Any CPU
		{4347825A-969A-430D-A436-356DFDEACCEC}.Release|Any CPU.Build.0 = Release|Any CPU
	EndGlobalSection
	GlobalSection(SolutionProperties) = preSolution
		HideSolutionNode = FALSE
	EndGlobalSection
	GlobalSection(ExtensibilityGlobals) = postSolution
		SolutionGuid = {90FC413F-6A83-43E3-9CDF-E889A9195E8C}
	EndGlobalSection
EndGlobal
